
Microsoft Visual Studio Solution File, Format Version 12.00
#
Project("{FAE04EC0-301F-11D3-BF4B-00C04F79EFBC}") = "Freshli", "Freshli\Freshli.csproj", "{E03D125E-55CD-4FA4-AEC3-80CDB3BED745}"
EndProject
Project("{FAE04EC0-301F-11D3-BF4B-00C04F79EFBC}") = "Freshli.Test", "Freshli.Test\Freshli.Test.csproj", "{7C5BE77F-B9FA-495A-828C-ABA44F6536C6}"
EndProject
Project("{FAE04EC0-301F-11D3-BF4B-00C04F79EFBC}") = "Freshli.Web", "Freshli.Web\Freshli.Web.csproj", "{FF399AB5-0037-45EE-9BDE-2A9D7EFFB9CB}"
EndProject
Project("{FAE04EC0-301F-11D3-BF4B-00C04F79EFBC}") = "Freshli.Web.Worker", "Freshli.Web.Worker\Freshli.Web.Worker.csproj", "{555C7753-B2D4-4BE9-BA48-39BADE849FAB}"
EndProject
Project("{F2A71F9B-5D33-465A-A702-920D77279786}") = "XPlot.Plotly", "XPlot\src\XPlot.Plotly\XPlot.Plotly.fsproj", "{4D1C6F36-7642-462F-8CFF-1BAD74834C20}"
EndProject
Global
	GlobalSection(SolutionConfigurationPlatforms) = preSolution
		Debug|Any CPU = Debug|Any CPU
		Release|Any CPU = Release|Any CPU
	EndGlobalSection
	GlobalSection(ProjectConfigurationPlatforms) = postSolution
		{E03D125E-55CD-4FA4-AEC3-80CDB3BED745}.Debug|Any CPU.ActiveCfg = Debug|Any CPU
		{E03D125E-55CD-4FA4-AEC3-80CDB3BED745}.Debug|Any CPU.Build.0 = Debug|Any CPU
		{E03D125E-55CD-4FA4-AEC3-80CDB3BED745}.Release|Any CPU.ActiveCfg = Release|Any CPU
		{E03D125E-55CD-4FA4-AEC3-80CDB3BED745}.Release|Any CPU.Build.0 = Release|Any CPU
		{7C5BE77F-B9FA-495A-828C-ABA44F6536C6}.Debug|Any CPU.ActiveCfg = Debug|Any CPU
		{7C5BE77F-B9FA-495A-828C-ABA44F6536C6}.Debug|Any CPU.Build.0 = Debug|Any CPU
		{7C5BE77F-B9FA-495A-828C-ABA44F6536C6}.Release|Any CPU.ActiveCfg = Release|Any CPU
		{7C5BE77F-B9FA-495A-828C-ABA44F6536C6}.Release|Any CPU.Build.0 = Release|Any CPU
		{FF399AB5-0037-45EE-9BDE-2A9D7EFFB9CB}.Debug|Any CPU.ActiveCfg = Debug|Any CPU
		{FF399AB5-0037-45EE-9BDE-2A9D7EFFB9CB}.Debug|Any CPU.Build.0 = Debug|Any CPU
		{FF399AB5-0037-45EE-9BDE-2A9D7EFFB9CB}.Release|Any CPU.ActiveCfg = Release|Any CPU
		{FF399AB5-0037-45EE-9BDE-2A9D7EFFB9CB}.Release|Any CPU.Build.0 = Release|Any CPU
		{555C7753-B2D4-4BE9-BA48-39BADE849FAB}.Debug|Any CPU.ActiveCfg = Debug|Any CPU
		{555C7753-B2D4-4BE9-BA48-39BADE849FAB}.Debug|Any CPU.Build.0 = Debug|Any CPU
		{555C7753-B2D4-4BE9-BA48-39BADE849FAB}.Release|Any CPU.ActiveCfg = Release|Any CPU
		{555C7753-B2D4-4BE9-BA48-39BADE849FAB}.Release|Any CPU.Build.0 = Release|Any CPU
		{4D1C6F36-7642-462F-8CFF-1BAD74834C20}.Debug|Any CPU.ActiveCfg = Debug|Any CPU
		{4D1C6F36-7642-462F-8CFF-1BAD74834C20}.Debug|Any CPU.Build.0 = Debug|Any CPU
		{4D1C6F36-7642-462F-8CFF-1BAD74834C20}.Release|Any CPU.ActiveCfg = Release|Any CPU
		{4D1C6F36-7642-462F-8CFF-1BAD74834C20}.Release|Any CPU.Build.0 = Release|Any CPU
	EndGlobalSection
EndGlobal
