
Microsoft Visual Studio Solution File, Format Version 12.00
#
Project("{FAE04EC0-301F-11D3-BF4B-00C04F79EFBC}") = "Freshli", "Freshli\Freshli.csproj", "{E03D125E-55CD-4FA4-AEC3-80CDB3BED745}"
EndProject
Project("{FAE04EC0-301F-11D3-BF4B-00C04F79EFBC}") = "Freshli.Test", "Freshli.Test\Freshli.Test.csproj", "{7C5BE77F-B9FA-495A-828C-ABA44F6536C6}"
EndProject
Global
	GlobalSection(SolutionConfigurationPlatforms) = preSolution
		Debug|Any CPU = Debug|Any CPU
		Release|Any CPU = Release|Any CPU
	EndGlobalSection
	GlobalSection(ProjectConfigurationPlatforms) = postSolution
		{E03D125E-55CD-4FA4-AEC3-80CDB3BED745}.Debug|Any CPU.ActiveCfg = Debug|Any CPU
		{E03D125E-55CD-4FA4-AEC3-80CDB3BED745}.Debug|Any CPU.Build.0 = Debug|Any CPU
		{E03D125E-55CD-4FA4-AEC3-80CDB3BED745}.Release|Any CPU.ActiveCfg = Release|Any CPU
		{E03D125E-55CD-4FA4-AEC3-80CDB3BED745}.Release|Any CPU.Build.0 = Release|Any CPU
		{7C5BE77F-B9FA-495A-828C-ABA44F6536C6}.Debug|Any CPU.ActiveCfg = Debug|Any CPU
		{7C5BE77F-B9FA-495A-828C-ABA44F6536C6}.Debug|Any CPU.Build.0 = Debug|Any CPU
		{7C5BE77F-B9FA-495A-828C-ABA44F6536C6}.Release|Any CPU.ActiveCfg = Release|Any CPU
		{7C5BE77F-B9FA-495A-828C-ABA44F6536C6}.Release|Any CPU.Build.0 = Release|Any CPU
	EndGlobalSection
EndGlobal
