# THIS IS AN AUTOGENERATED FILE. DO NOT EDIT THIS FILE DIRECTLY.
# yarn lockfile v1


ansi-regex@^5.0.0:
  version "5.0.0"
  resolved "https://registry.yarnpkg.com/ansi-regex/-/ansi-regex-5.0.0.tgz#388539f55179bf39339c81af30a654d69f87cb75"
  integrity sha512-bY6fj56OUQ0hU1KjFNDQuJFezqKdrAyFdIevADiqrWHwSlbmBNMHp5ak2f40Pm8JTFyM2mqxkG6ngkHO11f/lg==

normalize-url@^5.1.0:
  version "5.1.0"
  resolved "https://registry.yarnpkg.com/normalize-url/-/normalize-url-5.1.0.tgz#04b8f1b34ea49ff713fc20b2218eba41fb9974a3"
  integrity sha512-UxHuSWsSAmzSqN+DSjasaZWQ3QPtEisHdlr4y9MJ5zg0RcImv5fQt8QM0izJSCdsdmhJGK+ubcTpJXwVDmwSVQ==

strip-ansi@^6.0.0:
  version "6.0.0"
  resolved "https://registry.yarnpkg.com/strip-ansi/-/strip-ansi-6.0.0.tgz#0b1571dd7669ccd4f3e06e14ef1eed26225ae532"
  integrity sha512-AuvKTrTfQNYNIctbR1K/YGTR1756GycPsg7b9bdV9Duqur4gv6aKqHXah67Z8ImS7WEz5QVcOtlfW2rZEugt6w==
  dependencies:
    ansi-regex "^5.0.0"
