{
    "_readme": [
        "This file locks the dependencies of your project to a known state",
        "Read more about it at https://getcomposer.org/doc/01-basic-usage.md#installing-dependencies",
        "This file is @generated automatically"
    ],
    "content-hash": "5533c770ddf63fc1c597b7481345e5bb",
    "packages": [
        {
            "name": "doctrine/inflector",
            "version": "1.3.1",
            "source": {
                "type": "git",
                "url": "https://github.com/doctrine/inflector.git",
                "reference": "ec3a55242203ffa6a4b27c58176da97ff0a7aec1"
            },
            "dist": {
                "type": "zip",
                "url": "https://api.github.com/repos/doctrine/inflector/zipball/ec3a55242203ffa6a4b27c58176da97ff0a7aec1",
                "reference": "ec3a55242203ffa6a4b27c58176da97ff0a7aec1",
                "shasum": ""
            },
            "require": {
                "php": "^7.1"
            },
            "require-dev": {
                "phpunit/phpunit": "^6.2"
            },
            "type": "library",
            "extra": {
                "branch-alias": {
                    "dev-master": "1.3.x-dev"
                }
            },
            "autoload": {
                "psr-4": {
                    "Doctrine\\Common\\Inflector\\": "lib/Doctrine/Common/Inflector"
                }
            },
            "notification-url": "https://packagist.org/downloads/",
            "license": [
                "MIT"
            ],
            "authors": [
                {
                    "name": "Guilherme Blanco",
                    "email": "guilhermeblanco@gmail.com"
                },
                {
                    "name": "Roman Borschel",
                    "email": "roman@code-factory.org"
                },
                {
                    "name": "Benjamin Eberlei",
                    "email": "kontakt@beberlei.de"
                },
                {
                    "name": "Jonathan Wage",
                    "email": "jonwage@gmail.com"
                },
                {
                    "name": "Johannes Schmitt",
                    "email": "schmittjoh@gmail.com"
                }
            ],
            "description": "Common String Manipulations with regard to casing and singular/plural rules.",
            "homepage": "http://www.doctrine-project.org",
            "keywords": [
                "inflection",
                "pluralize",
                "singularize",
                "string"
            ],
            "time": "2019-10-30T19:59:35+00:00"
        },
        {
            "name": "illuminate/container",
            "version": "v5.6.39",
            "source": {
                "type": "git",
                "url": "https://github.com/illuminate/container.git",
                "reference": "779b56b37396b888414622d5667d3bcc205964ab"
            },
            "dist": {
                "type": "zip",
                "url": "https://api.github.com/repos/illuminate/container/zipball/779b56b37396b888414622d5667d3bcc205964ab",
                "reference": "779b56b37396b888414622d5667d3bcc205964ab",
                "shasum": ""
            },
            "require": {
                "illuminate/contracts": "5.6.*",
                "php": "^7.1.3",
                "psr/container": "~1.0"
            },
            "type": "library",
            "extra": {
                "branch-alias": {
                    "dev-master": "5.6-dev"
                }
            },
            "autoload": {
                "psr-4": {
                    "Illuminate\\Container\\": ""
                }
            },
            "notification-url": "https://packagist.org/downloads/",
            "license": [
                "MIT"
            ],
            "authors": [
                {
                    "name": "Taylor Otwell",
                    "email": "taylor@laravel.com"
                }
            ],
            "description": "The Illuminate Container package.",
            "homepage": "https://laravel.com",
            "time": "2018-05-24T13:16:56+00:00"
        },
        {
            "name": "illuminate/contracts",
            "version": "v5.6.39",
            "source": {
                "type": "git",
                "url": "https://github.com/illuminate/contracts.git",
                "reference": "66b653fd430bf06f59cef1112197d009bd02da84"
            },
            "dist": {
                "type": "zip",
                "url": "https://api.github.com/repos/illuminate/contracts/zipball/66b653fd430bf06f59cef1112197d009bd02da84",
                "reference": "66b653fd430bf06f59cef1112197d009bd02da84",
                "shasum": ""
            },
            "require": {
                "php": "^7.1.3",
                "psr/container": "~1.0",
                "psr/simple-cache": "~1.0"
            },
            "type": "library",
            "extra": {
                "branch-alias": {
                    "dev-master": "5.6-dev"
                }
            },
            "autoload": {
                "psr-4": {
                    "Illuminate\\Contracts\\": ""
                }
            },
            "notification-url": "https://packagist.org/downloads/",
            "license": [
                "MIT"
            ],
            "authors": [
                {
                    "name": "Taylor Otwell",
                    "email": "taylor@laravel.com"
                }
            ],
            "description": "The Illuminate Contracts package.",
            "homepage": "https://laravel.com",
            "time": "2018-07-31T12:49:53+00:00"
        },
        {
            "name": "illuminate/support",
            "version": "v5.6.39",
            "source": {
                "type": "git",
                "url": "https://github.com/illuminate/support.git",
                "reference": "e2fce24254b8f60a2f92a3ab485799b372625a06"
            },
            "dist": {
                "type": "zip",
                "url": "https://api.github.com/repos/illuminate/support/zipball/e2fce24254b8f60a2f92a3ab485799b372625a06",
                "reference": "e2fce24254b8f60a2f92a3ab485799b372625a06",
                "shasum": ""
            },
            "require": {
                "doctrine/inflector": "~1.1",
                "ext-mbstring": "*",
                "illuminate/contracts": "5.6.*",
                "nesbot/carbon": "1.25.*",
                "php": "^7.1.3"
            },
            "conflict": {
                "tightenco/collect": "<5.5.33"
            },
            "suggest": {
                "illuminate/filesystem": "Required to use the composer class (5.6.*).",
                "ramsey/uuid": "Required to use Str::uuid() (^3.7).",
                "symfony/process": "Required to use the composer class (~4.0).",
                "symfony/var-dumper": "Required to use the dd function (~4.0)."
            },
            "type": "library",
            "extra": {
                "branch-alias": {
                    "dev-master": "5.6-dev"
                }
            },
            "autoload": {
                "psr-4": {
                    "Illuminate\\Support\\": ""
                },
                "files": [
                    "helpers.php"
                ]
            },
            "notification-url": "https://packagist.org/downloads/",
            "license": [
                "MIT"
            ],
            "authors": [
                {
                    "name": "Taylor Otwell",
                    "email": "taylor@laravel.com"
                }
            ],
            "description": "The Illuminate Support package.",
            "homepage": "https://laravel.com",
            "time": "2018-09-06T13:37:53+00:00"
        },
        {
            "name": "kylekatarnls/update-helper",
            "version": "1.2.0",
            "source": {
                "type": "git",
                "url": "https://github.com/kylekatarnls/update-helper.git",
                "reference": "5786fa188e0361b9adf9e8199d7280d1b2db165e"
            },
            "dist": {
                "type": "zip",
                "url": "https://api.github.com/repos/kylekatarnls/update-helper/zipball/5786fa188e0361b9adf9e8199d7280d1b2db165e",
                "reference": "5786fa188e0361b9adf9e8199d7280d1b2db165e",
                "shasum": ""
            },
            "require": {
                "composer-plugin-api": "^1.1.0 || ^2.0.0",
                "php": ">=5.3.0"
            },
            "require-dev": {
                "codeclimate/php-test-reporter": "dev-master",
                "composer/composer": "2.0.x-dev || ^2.0.0-dev",
                "phpunit/phpunit": ">=4.8.35 <6.0"
            },
            "type": "composer-plugin",
            "extra": {
                "class": "UpdateHelper\\ComposerPlugin"
            },
            "autoload": {
                "psr-0": {
                    "UpdateHelper\\": "src/"
                }
            },
            "notification-url": "https://packagist.org/downloads/",
            "license": [
                "MIT"
            ],
            "authors": [
                {
                    "name": "Kyle",
                    "email": "kylekatarnls@gmail.com"
                }
            ],
            "description": "Update helper",
            "time": "2019-07-29T11:03:54+00:00"
        },
        {
            "name": "laravie/parser",
            "version": "v1.3.0",
            "source": {
                "type": "git",
                "url": "https://github.com/laravie/parser.git",
                "reference": "94c20f710d56ee352f6b012aa6a8de8e4452dbf3"
            },
            "dist": {
                "type": "zip",
                "url": "https://api.github.com/repos/laravie/parser/zipball/94c20f710d56ee352f6b012aa6a8de8e4452dbf3",
                "reference": "94c20f710d56ee352f6b012aa6a8de8e4452dbf3",
                "shasum": ""
            },
            "require": {
                "illuminate/support": "^5.1",
                "php": ">=5.6.0"
            },
            "require-dev": {
                "mockery/mockery": "^1.0",
                "phpunit/phpunit": "^5.7.26 || ^6.0"
            },
            "type": "library",
            "extra": {
                "branch-alias": {
                    "dev-master": "1.2-dev"
                }
            },
            "autoload": {
                "psr-4": {
                    "Laravie\\Parser\\": "src/"
                },
                "files": [
                    "src/helpers.php"
                ]
            },
            "notification-url": "https://packagist.org/downloads/",
            "license": [
                "MIT"
            ],
            "authors": [
                {
                    "name": "Mior Muhammad Zaki",
                    "email": "crynobone@gmail.com",
                    "homepage": "https://github.com/crynobone"
                }
            ],
            "description": "XML Document Parser for PHP",
            "keywords": [
                "parser",
                "xml"
            ],
            "time": "2018-04-30T01:32:59+00:00"
        },
        {
            "name": "nesbot/carbon",
            "version": "1.25.3",
            "source": {
                "type": "git",
                "url": "https://github.com/briannesbitt/Carbon.git",
                "reference": "ad6afecd38ce2d7f7bd1b5d47ffd8e93ebbd3ed8"
            },
            "dist": {
                "type": "zip",
                "url": "https://api.github.com/repos/briannesbitt/Carbon/zipball/ad6afecd38ce2d7f7bd1b5d47ffd8e93ebbd3ed8",
                "reference": "ad6afecd38ce2d7f7bd1b5d47ffd8e93ebbd3ed8",
                "shasum": ""
            },
            "require": {
                "kylekatarnls/update-helper": "^1.1",
                "php": ">=5.3.9",
                "symfony/translation": "~2.6 || ~3.0 || ~4.0"
            },
            "require-dev": {
                "composer/composer": "^1.2",
                "friendsofphp/php-cs-fixer": "~2",
                "phpunit/phpunit": "^4.8.35 || ^5.7"
            },
            "bin": [
                "bin/upgrade-carbon"
            ],
            "type": "library",
            "extra": {
                "update-helper": "Carbon\\Upgrade"
            },
            "autoload": {
                "psr-4": {
                    "Carbon\\": "src/Carbon/"
                }
            },
            "notification-url": "https://packagist.org/downloads/",
            "license": [
                "MIT"
            ],
            "authors": [
                {
                    "name": "Brian Nesbitt",
                    "email": "brian@nesbot.com",
                    "homepage": "http://nesbot.com"
                }
            ],
            "description": "A simple API extension for DateTime.",
            "homepage": "http://carbon.nesbot.com",
            "keywords": [
                "date",
                "datetime",
                "time"
            ],
            "time": "2019-06-03T17:56:44+00:00"
        },
        {
            "name": "orchestra/parser",
            "version": "v3.6.0",
            "source": {
                "type": "git",
                "url": "https://github.com/orchestral/parser.git",
                "reference": "b647cc182a633fe2cca46e2c495f4c6d9766bd80"
            },
            "dist": {
                "type": "zip",
                "url": "https://api.github.com/repos/orchestral/parser/zipball/b647cc182a633fe2cca46e2c495f4c6d9766bd80",
                "reference": "b647cc182a633fe2cca46e2c495f4c6d9766bd80",
                "shasum": ""
            },
            "require": {
                "illuminate/container": "~5.6.0",
                "laravie/parser": "~1.2",
                "php": ">=7.1"
            },
            "require-dev": {
                "illuminate/support": "~5.6.0",
                "mockery/mockery": "^1.0",
                "phpunit/phpunit": "~7.0"
            },
            "type": "library",
            "extra": {
                "branch-alias": {
                    "dev-master": "3.6-dev"
                },
                "laravel": {
                    "providers": [
                        "Orchestra\\Parser\\XmlServiceProvider"
                    ]
                }
            },
            "autoload": {
                "psr-4": {
                    "Orchestra\\Parser\\": "src/"
                }
            },
            "notification-url": "https://packagist.org/downloads/",
            "license": [
                "MIT"
            ],
            "authors": [
                {
                    "name": "Mior Muhammad Zaki",
                    "email": "crynobone@gmail.com",
                    "homepage": "https://github.com/crynobone"
                }
            ],
            "description": "XML Document Parser for Laravel and PHP",
            "keywords": [
                "laravel",
                "orchestra-platform",
                "orchestral",
                "parser",
                "xml"
            ],
            "time": "2018-02-08T00:56:36+00:00"
        },
        {
            "name": "psr/container",
            "version": "1.0.0",
            "source": {
                "type": "git",
                "url": "https://github.com/php-fig/container.git",
                "reference": "b7ce3b176482dbbc1245ebf52b181af44c2cf55f"
            },
            "dist": {
                "type": "zip",
                "url": "https://api.github.com/repos/php-fig/container/zipball/b7ce3b176482dbbc1245ebf52b181af44c2cf55f",
                "reference": "b7ce3b176482dbbc1245ebf52b181af44c2cf55f",
                "shasum": ""
            },
            "require": {
                "php": ">=5.3.0"
            },
            "type": "library",
            "extra": {
                "branch-alias": {
                    "dev-master": "1.0.x-dev"
                }
            },
            "autoload": {
                "psr-4": {
                    "Psr\\Container\\": "src/"
                }
            },
            "notification-url": "https://packagist.org/downloads/",
            "license": [
                "MIT"
            ],
            "authors": [
                {
                    "name": "PHP-FIG",
                    "homepage": "http://www.php-fig.org/"
                }
            ],
            "description": "Common Container Interface (PHP FIG PSR-11)",
            "homepage": "https://github.com/php-fig/container",
            "keywords": [
                "PSR-11",
                "container",
                "container-interface",
                "container-interop",
                "psr"
            ],
            "time": "2017-02-14T16:28:37+00:00"
        },
        {
            "name": "psr/simple-cache",
            "version": "1.0.1",
            "source": {
                "type": "git",
                "url": "https://github.com/php-fig/simple-cache.git",
                "reference": "408d5eafb83c57f6365a3ca330ff23aa4a5fa39b"
            },
            "dist": {
                "type": "zip",
                "url": "https://api.github.com/repos/php-fig/simple-cache/zipball/408d5eafb83c57f6365a3ca330ff23aa4a5fa39b",
                "reference": "408d5eafb83c57f6365a3ca330ff23aa4a5fa39b",
                "shasum": ""
            },
            "require": {
                "php": ">=5.3.0"
            },
            "type": "library",
            "extra": {
                "branch-alias": {
                    "dev-master": "1.0.x-dev"
                }
            },
            "autoload": {
                "psr-4": {
                    "Psr\\SimpleCache\\": "src/"
                }
            },
            "notification-url": "https://packagist.org/downloads/",
            "license": [
                "MIT"
            ],
            "authors": [
                {
                    "name": "PHP-FIG",
                    "homepage": "http://www.php-fig.org/"
                }
            ],
            "description": "Common interfaces for simple caching",
            "keywords": [
                "cache",
                "caching",
                "psr",
                "psr-16",
                "simple-cache"
            ],
            "time": "2017-10-23T01:57:42+00:00"
        },
        {
            "name": "symfony/polyfill-mbstring",
            "version": "v1.13.1",
            "source": {
                "type": "git",
                "url": "https://github.com/symfony/polyfill-mbstring.git",
                "reference": "7b4aab9743c30be783b73de055d24a39cf4b954f"
            },
            "dist": {
                "type": "zip",
                "url": "https://api.github.com/repos/symfony/polyfill-mbstring/zipball/7b4aab9743c30be783b73de055d24a39cf4b954f",
                "reference": "7b4aab9743c30be783b73de055d24a39cf4b954f",
                "shasum": ""
            },
            "require": {
                "php": ">=5.3.3"
            },
            "suggest": {
                "ext-mbstring": "For best performance"
            },
            "type": "library",
            "extra": {
                "branch-alias": {
                    "dev-master": "1.13-dev"
                }
            },
            "autoload": {
                "psr-4": {
                    "Symfony\\Polyfill\\Mbstring\\": ""
                },
                "files": [
                    "bootstrap.php"
                ]
            },
            "notification-url": "https://packagist.org/downloads/",
            "license": [
                "MIT"
            ],
            "authors": [
                {
                    "name": "Nicolas Grekas",
                    "email": "p@tchwork.com"
                },
                {
                    "name": "Symfony Community",
                    "homepage": "https://symfony.com/contributors"
                }
            ],
            "description": "Symfony polyfill for the Mbstring extension",
            "homepage": "https://symfony.com",
            "keywords": [
                "compatibility",
                "mbstring",
                "polyfill",
                "portable",
                "shim"
            ],
            "time": "2019-11-27T14:18:11+00:00"
        },
        {
            "name": "symfony/translation",
            "version": "v4.4.2",
            "source": {
                "type": "git",
                "url": "https://github.com/symfony/translation.git",
                "reference": "f7669f48a9633bf8139bc026c755e894b7206677"
            },
            "dist": {
                "type": "zip",
                "url": "https://api.github.com/repos/symfony/translation/zipball/f7669f48a9633bf8139bc026c755e894b7206677",
                "reference": "f7669f48a9633bf8139bc026c755e894b7206677",
                "shasum": ""
            },
            "require": {
                "php": "^7.1.3",
                "symfony/polyfill-mbstring": "~1.0",
                "symfony/translation-contracts": "^1.1.6|^2"
            },
            "conflict": {
                "symfony/config": "<3.4",
                "symfony/dependency-injection": "<3.4",
                "symfony/http-kernel": "<4.4",
                "symfony/yaml": "<3.4"
            },
            "provide": {
                "symfony/translation-implementation": "1.0"
            },
            "require-dev": {
                "psr/log": "~1.0",
                "symfony/config": "^3.4|^4.0|^5.0",
                "symfony/console": "^3.4|^4.0|^5.0",
                "symfony/dependency-injection": "^3.4|^4.0|^5.0",
                "symfony/finder": "~2.8|~3.0|~4.0|^5.0",
                "symfony/http-kernel": "^4.4",
                "symfony/intl": "^3.4|^4.0|^5.0",
                "symfony/service-contracts": "^1.1.2|^2",
                "symfony/yaml": "^3.4|^4.0|^5.0"
            },
            "suggest": {
                "psr/log-implementation": "To use logging capability in translator",
                "symfony/config": "",
                "symfony/yaml": ""
            },
            "type": "library",
            "extra": {
                "branch-alias": {
                    "dev-master": "4.4-dev"
                }
            },
            "autoload": {
                "psr-4": {
                    "Symfony\\Component\\Translation\\": ""
                },
                "exclude-from-classmap": [
                    "/Tests/"
                ]
            },
            "notification-url": "https://packagist.org/downloads/",
            "license": [
                "MIT"
            ],
            "authors": [
                {
                    "name": "Fabien Potencier",
                    "email": "fabien@symfony.com"
                },
                {
                    "name": "Symfony Community",
                    "homepage": "https://symfony.com/contributors"
                }
            ],
            "description": "Symfony Translation Component",
            "homepage": "https://symfony.com",
            "time": "2019-12-12T12:53:52+00:00"
        },
        {
            "name": "symfony/translation-contracts",
            "version": "v2.0.1",
            "source": {
                "type": "git",
                "url": "https://github.com/symfony/translation-contracts.git",
                "reference": "8cc682ac458d75557203b2f2f14b0b92e1c744ed"
            },
            "dist": {
                "type": "zip",
                "url": "https://api.github.com/repos/symfony/translation-contracts/zipball/8cc682ac458d75557203b2f2f14b0b92e1c744ed",
                "reference": "8cc682ac458d75557203b2f2f14b0b92e1c744ed",
                "shasum": ""
            },
            "require": {
                "php": "^7.2.5"
            },
            "suggest": {
                "symfony/translation-implementation": ""
            },
            "type": "library",
            "extra": {
                "branch-alias": {
                    "dev-master": "2.0-dev"
                }
            },
            "autoload": {
                "psr-4": {
                    "Symfony\\Contracts\\Translation\\": ""
                }
            },
            "notification-url": "https://packagist.org/downloads/",
            "license": [
                "MIT"
            ],
            "authors": [
                {
                    "name": "Nicolas Grekas",
                    "email": "p@tchwork.com"
                },
                {
                    "name": "Symfony Community",
                    "homepage": "https://symfony.com/contributors"
                }
            ],
            "description": "Generic abstractions related to translation",
            "homepage": "https://symfony.com",
            "keywords": [
                "abstractions",
                "contracts",
                "decoupling",
                "interfaces",
                "interoperability",
                "standards"
            ],
            "time": "2019-11-18T17:27:11+00:00"
        },
        {
            "name": "theseer/tokenizer",
            "version": "1.1.0",
            "source": {
                "type": "git",
                "url": "https://github.com/theseer/tokenizer.git",
                "reference": "cb2f008f3f05af2893a87208fe6a6c4985483f8b"
            },
            "dist": {
                "type": "zip",
                "url": "https://api.github.com/repos/theseer/tokenizer/zipball/cb2f008f3f05af2893a87208fe6a6c4985483f8b",
                "reference": "cb2f008f3f05af2893a87208fe6a6c4985483f8b",
                "shasum": ""
            },
            "require": {
                "ext-dom": "*",
                "ext-tokenizer": "*",
                "ext-xmlwriter": "*",
                "php": "^7.0"
            },
            "type": "library",
            "autoload": {
                "classmap": [
                    "src/"
                ]
            },
            "notification-url": "https://packagist.org/downloads/",
            "license": [
                "BSD-3-Clause"
            ],
            "authors": [
                {
                    "name": "Arne Blankerts",
                    "email": "arne@blankerts.de",
                    "role": "Developer"
                }
            ],
            "description": "A small library for converting tokenized PHP source code into XML and potentially other formats",
            "time": "2017-04-07T12:08:54+00:00"
        }
    ],
    "packages-dev": [
        {
            "name": "mikey179/vfsstream",
            "version": "v1.4.0",
            "source": {
                "type": "git",
                "url": "https://github.com/bovigo/vfsStream.git",
                "reference": "61b12172292cf539685507aa65b076c1530e83c1"
            },
            "dist": {
                "type": "zip",
                "url": "https://api.github.com/repos/bovigo/vfsStream/zipball/61b12172292cf539685507aa65b076c1530e83c1",
                "reference": "61b12172292cf539685507aa65b076c1530e83c1",
                "shasum": ""
            },
            "require": {
                "php": ">=5.3.0"
            },
            "require-dev": {
                "phpunit/phpunit": "~4.2"
            },
            "type": "library",
            "extra": {
                "branch-alias": {
                    "dev-master": "1.4.x-dev"
                }
            },
            "autoload": {
                "psr-0": {
                    "org\\bovigo\\vfs\\": "src/main/php"
                }
            },
            "notification-url": "https://packagist.org/downloads/",
            "license": [
                "BSD"
            ],
            "homepage": "http://vfs.bovigo.org/",
            "time": "2014-09-14T10:18:53+00:00"
        }
    ],
    "aliases": [],
    "minimum-stability": "stable",
    "stability-flags": [],
    "prefer-stable": false,
    "prefer-lowest": false,
    "platform": [],
    "platform-dev": []
}
